version: v0.164.0
dependencies:
- name: cert-manager
  repository: https://charts.jetstack.io
  version: v1.14.5
- name: home-assistant
  repository: https://k8s-at-home.com/charts/
  version: 13.4.2
- name: kube-prometheus-stack
  repository: https://prometheus-community.github.io/helm-charts
  version: 43.2.1
- name: nfs-subdir-external-provisioner
  repository: https://kubernetes-sigs.github.io/nfs-subdir-external-provisioner/
  version: 4.0.17
- name: photoprism
  repository: https://k8s-at-home.com/charts/
  version: 7.1.2
- name: raw
  repository: https://grahamplata.github.io/charts
  version: 0.2.3
- name: traefik
  repository: https://traefik.github.io/charts
  version: 28.1.0
- name: uptime-kuma
  repository: https://helm.irsigler.cloud
  version: 2.17.0
digest: sha256:65e6492eec096282a4feaccec2e328d72eef972fc8b164043666f124200b154e
generated: "2024-05-26T10:23:35.701641-04:00"
