version: v0.164.0
dependencies:
- name: cert-manager
  repository: https://charts.jetstack.io
  version: v1.14.5
- name: home-assistant
  repository: https://k8s-at-home.com/charts/
  version: 13.4.2
- name: kube-prometheus-stack
  repository: https://prometheus-community.github.io/helm-charts
  version: 43.2.1
- name: nfs-subdir-external-provisioner
  repository: https://kubernetes-sigs.github.io/nfs-subdir-external-provisioner/
  version: 4.0.17
- name: photoprism
  repository: https://k8s-at-home.com/charts/
  version: 7.1.2
- name: traefik
  repository: https://traefik.github.io/charts
  version: 28.1.0
- name: uptime-kuma
  repository: https://helm.irsigler.cloud
  version: 2.18.0
digest: sha256:a69537b101662bb4210ab5566ac0c11a3a7d377e5dc4ae776af689629a77f52c
generated: "2024-06-04T21:03:47.356983-04:00"
